// !$*UTF8*$!
{
	archiveVersion = 1;
	classes = {
	};
	objectVersion = 50;
	objects = {

/* Begin PBXBuildFile section */
		A3DDC85322350A0F00993E54 /* AppDelegate.swift in Sources */ = {isa = PBXBuildFile; fileRef = A3DDC85222350A0F00993E54 /* AppDelegate.swift */; };
		A3DDC85522350A0F00993E54 /* ViewController.swift in Sources */ = {isa = PBXBuildFile; fileRef = A3DDC85422350A0F00993E54 /* ViewController.swift */; };
		A3DDC85822350A0F00993E54 /* Main.storyboard in Resources */ = {isa = PBXBuildFile; fileRef = A3DDC85622350A0F00993E54 /* Main.storyboard */; };
		A3DDC85A22350A1100993E54 /* Assets.xcassets in Resources */ = {isa = PBXBuildFile; fileRef = A3DDC85922350A1100993E54 /* Assets.xcassets */; };
		A3DDC85D22350A1100993E54 /* LaunchScreen.storyboard in Resources */ = {isa = PBXBuildFile; fileRef = A3DDC85B22350A1100993E54 /* LaunchScreen.storyboard */; };
		A3DDC86822350A1100993E54 /* QuizTests.swift in Sources */ = {isa = PBXBuildFile; fileRef = A3DDC86722350A1100993E54 /* QuizTests.swift */; };
		A3DDC87322350A1100993E54 /* QuizUITests.swift in Sources */ = {isa = PBXBuildFile; fileRef = A3DDC87222350A1100993E54 /* QuizUITests.swift */; };
/* End PBXBuildFile section */

/* Begin PBXContainerItemProxy section */
		A3DDC86422350A1100993E54 /* PBXContainerItemProxy */ = {
			isa = PBXContainerItemProxy;
			containerPortal = A3DDC84722350A0F00993E54 /* Project object */;
			proxyType = 1;
			remoteGlobalIDString = A3DDC84E22350A0F00993E54;
			remoteInfo = Quiz;
		};
		A3DDC86F22350A1100993E54 /* PBXContainerItemProxy */ = {
			isa = PBXContainerItemProxy;
			containerPortal = A3DDC84722350A0F00993E54 /* Project object */;
			proxyType = 1;
			remoteGlobalIDString = A3DDC84E22350A0F00993E54;
			remoteInfo = Quiz;
		};
/* End PBXContainerItemProxy section */

/* Begin PBXFileReference section */
		A3DDC84F22350A0F00993E54 /* Quiz.app */ = {isa = PBXFileReference; explicitFileType = wrapper.application; includeInIndex = 0; path = Quiz.app; sourceTree = BUILT_PRODUCTS_DIR; };
		A3DDC85222350A0F00993E54 /* AppDelegate.swift */ = {isa = PBXFileReference; lastKnownFileType = sourcecode.swift; path = AppDelegate.swift; sourceTree = "<group>"; };
		A3DDC85422350A0F00993E54 /* ViewController.swift */ = {isa = PBXFileReference; lastKnownFileType = sourcecode.swift; path = ViewController.swift; sourceTree = "<group>"; };
		A3DDC85722350A0F00993E54 /* Base */ = {isa = PBXFileReference; lastKnownFileType = file.storyboard; name = Base; path = Base.lproj/Main.storyboard; sourceTree = "<group>"; };
		A3DDC85922350A1100993E54 /* Assets.xcassets */ = {isa = PBXFileReference; lastKnownFileType = folder.assetcatalog; path = Assets.xcassets; sourceTree = "<group>"; };
		A3DDC85C22350A1100993E54 /* Base */ = {isa = PBXFileReference; lastKnownFileType = file.storyboard; name = Base; path = Base.lproj/LaunchScreen.storyboard; sourceTree = "<group>"; };
		A3DDC85E22350A1100993E54 /* Info.plist */ = {isa = PBXFileReference; lastKnownFileType = text.plist.xml; path = Info.plist; sourceTree = "<group>"; };
		A3DDC86322350A1100993E54 /* QuizTests.xctest */ = {isa = PBXFileReference; explicitFileType = wrapper.cfbundle; includeInIndex = 0; path = QuizTests.xctest; sourceTree = BUILT_PRODUCTS_DIR; };
		A3DDC86722350A1100993E54 /* QuizTests.swift */ = {isa = PBXFileReference; lastKnownFileType = sourcecode.swift; path = QuizTests.swift; sourceTree = "<group>"; };
		A3DDC86922350A1100993E54 /* Info.plist */ = {isa = PBXFileReference; lastKnownFileType = text.plist.xml; path = Info.plist; sourceTree = "<group>"; };
		A3DDC86E22350A1100993E54 /* QuizUITests.xctest */ = {isa = PBXFileReference; explicitFileType = wrapper.cfbundle; includeInIndex = 0; path = QuizUITests.xctest; sourceTree = BUILT_PRODUCTS_DIR; };
		A3DDC87222350A1100993E54 /* QuizUITests.swift */ = {isa = PBXFileReference; lastKnownFileType = sourcecode.swift; path = QuizUITests.swift; sourceTree = "<group>"; };
		A3DDC87422350A1100993E54 /* Info.plist */ = {isa = PBXFileReference; lastKnownFileType = text.plist.xml; path = Info.plist; sourceTree = "<group>"; };
/* End PBXFileReference section */

/* Begin PBXFrameworksBuildPhase section */
		A3DDC84C22350A0F00993E54 /* Frameworks */ = {
			isa = PBXFrameworksBuildPhase;
			buildActionMask = 2147483647;
			files = (
			);
			runOnlyForDeploymentPostprocessing = 0;
		};
		A3DDC86022350A1100993E54 /* Frameworks */ = {
			isa = PBXFrameworksBuildPhase;
			buildActionMask = 2147483647;
			files = (
			);
			runOnlyForDeploymentPostprocessing = 0;
		};
		A3DDC86B22350A1100993E54 /* Frameworks */ = {
			isa = PBXFrameworksBuildPhase;
			buildActionMask = 2147483647;
			files = (
			);
			runOnlyForDeploymentPostprocessing = 0;
		};
/* End PBXFrameworksBuildPhase section */

/* Begin PBXGroup section */
		A3DDC84622350A0F00993E54 = {
			isa = PBXGroup;
			children = (
				A3DDC85122350A0F00993E54 /* Quiz */,
				A3DDC86622350A1100993E54 /* QuizTests */,
				A3DDC87122350A1100993E54 /* QuizUITests */,
				A3DDC85022350A0F00993E54 /* Products */,
			);
			sourceTree = "<group>";
		};
		A3DDC85022350A0F00993E54 /* Products */ = {
			isa = PBXGroup;
			children = (
				A3DDC84F22350A0F00993E54 /* Quiz.app */,
				A3DDC86322350A1100993E54 /* QuizTests.xctest */,
				A3DDC86E22350A1100993E54 /* QuizUITests.xctest */,
			);
			name = Products;
			sourceTree = "<group>";
		};
		A3DDC85122350A0F00993E54 /* Quiz */ = {
			isa = PBXGroup;
			children = (
				A3DDC85222350A0F00993E54 /* AppDelegate.swift */,
				A3DDC85422350A0F00993E54 /* ViewController.swift */,
				A3DDC85622350A0F00993E54 /* Main.storyboard */,
				A3DDC85922350A1100993E54 /* Assets.xcassets */,
				A3DDC85B22350A1100993E54 /* LaunchScreen.storyboard */,
				A3DDC85E22350A1100993E54 /* Info.plist */,
			);
			path = Quiz;
			sourceTree = "<group>";
		};
		A3DDC86622350A1100993E54 /* QuizTests */ = {
			isa = PBXGroup;
			children = (
				A3DDC86722350A1100993E54 /* QuizTests.swift */,
				A3DDC86922350A1100993E54 /* Info.plist */,
			);
			path = QuizTests;
			sourceTree = "<group>";
		};
		A3DDC87122350A1100993E54 /* QuizUITests */ = {
			isa = PBXGroup;
			children = (
				A3DDC87222350A1100993E54 /* QuizUITests.swift */,
				A3DDC87422350A1100993E54 /* Info.plist */,
			);
			path = QuizUITests;
			sourceTree = "<group>";
		};
/* End PBXGroup section */

/* Begin PBXNativeTarget section */
		A3DDC84E22350A0F00993E54 /* Quiz */ = {
			isa = PBXNativeTarget;
			buildConfigurationList = A3DDC87722350A1100993E54 /* Build configuration list for PBXNativeTarget "Quiz" */;
			buildPhases = (
				A3DDC84B22350A0F00993E54 /* Sources */,
				A3DDC84C22350A0F00993E54 /* Frameworks */,
				A3DDC84D22350A0F00993E54 /* Resources */,
			);
			buildRules = (
			);
			dependencies = (
			);
			name = Quiz;
			productName = Quiz;
			productReference = A3DDC84F22350A0F00993E54 /* Quiz.app */;
			productType = "com.apple.product-type.application";
		};
		A3DDC86222350A1100993E54 /* QuizTests */ = {
			isa = PBXNativeTarget;
			buildConfigurationList = A3DDC87A22350A1100993E54 /* Build configuration list for PBXNativeTarget "QuizTests" */;
			buildPhases = (
				A3DDC85F22350A1100993E54 /* Sources */,
				A3DDC86022350A1100993E54 /* Frameworks */,
				A3DDC86122350A1100993E54 /* Resources */,
			);
			buildRules = (
			);
			dependencies = (
				A3DDC86522350A1100993E54 /* PBXTargetDependency */,
			);
			name = QuizTests;
			productName = QuizTests;
			productReference = A3DDC86322350A1100993E54 /* QuizTests.xctest */;
			productType = "com.apple.product-type.bundle.unit-test";
		};
		A3DDC86D22350A1100993E54 /* QuizUITests */ = {
			isa = PBXNativeTarget;
			buildConfigurationList = A3DDC87D22350A1100993E54 /* Build configuration list for PBXNativeTarget "QuizUITests" */;
			buildPhases = (
				A3DDC86A22350A1100993E54 /* Sources */,
				A3DDC86B22350A1100993E54 /* Frameworks */,
				A3DDC86C22350A1100993E54 /* Resources */,
			);
			buildRules = (
			);
			dependencies = (
				A3DDC87022350A1100993E54 /* PBXTargetDependency */,
			);
			name = QuizUITests;
			productName = QuizUITests;
			productReference = A3DDC86E22350A1100993E54 /* QuizUITests.xctest */;
			productType = "com.apple.product-type.bundle.ui-testing";
		};
/* End PBXNativeTarget section */

/* Begin PBXProject section */
		A3DDC84722350A0F00993E54 /* Project object */ = {
			isa = PBXProject;
			attributes = {
				LastSwiftUpdateCheck = 1010;
				LastUpgradeCheck = 1010;
				ORGANIZATIONNAME = "Prince Kumar";
				TargetAttributes = {
					A3DDC84E22350A0F00993E54 = {
						CreatedOnToolsVersion = 10.1;
					};
					A3DDC86222350A1100993E54 = {
						CreatedOnToolsVersion = 10.1;
						TestTargetID = A3DDC84E22350A0F00993E54;
					};
					A3DDC86D22350A1100993E54 = {
						CreatedOnToolsVersion = 10.1;
						TestTargetID = A3DDC84E22350A0F00993E54;
					};
				};
			};
			buildConfigurationList = A3DDC84A22350A0F00993E54 /* Build configuration list for PBXProject "Quiz" */;
			compatibilityVersion = "Xcode 9.3";
			developmentRegion = en;
			hasScannedForEncodings = 0;
			knownRegions = (
				en,
				Base,
			);
			mainGroup = A3DDC84622350A0F00993E54;
			productRefGroup = A3DDC85022350A0F00993E54 /* Products */;
			projectDirPath = "";
			projectRoot = "";
			targets = (
				A3DDC84E22350A0F00993E54 /* Quiz */,
				A3DDC86222350A1100993E54 /* QuizTests */,
				A3DDC86D22350A1100993E54 /* QuizUITests */,
			);
		};
/* End PBXProject section */

/* Begin PBXResourcesBuildPhase section */
		A3DDC84D22350A0F00993E54 /* Resources */ = {
			isa = PBXResourcesBuildPhase;
			buildActionMask = 2147483647;
			files = (
				A3DDC85D22350A1100993E54 /* LaunchScreen.storyboard in Resources */,
				A3DDC85A22350A1100993E54 /* Assets.xcassets in Resources */,
				A3DDC85822350A0F00993E54 /* Main.storyboard in Resources */,
			);
			runOnlyForDeploymentPostprocessing = 0;
		};
		A3DDC86122350A1100993E54 /* Resources */ = {
			isa = PBXResourcesBuildPhase;
			buildActionMask = 2147483647;
			files = (
			);
			runOnlyForDeploymentPostprocessing = 0;
		};
		A3DDC86C22350A1100993E54 /* Resources */ = {
			isa = PBXResourcesBuildPhase;
			buildActionMask = 2147483647;
			files = (
			);
			runOnlyForDeploymentPostprocessing = 0;
		};
/* End PBXResourcesBuildPhase section */

/* Begin PBXSourcesBuildPhase section */
		A3DDC84B22350A0F00993E54 /* Sources */ = {
			isa = PBXSourcesBuildPhase;
			buildActionMask = 2147483647;
			files = (
				A3DDC85522350A0F00993E54 /* ViewController.swift in Sources */,
				A3DDC85322350A0F00993E54 /* AppDelegate.swift in Sources */,
			);
			runOnlyForDeploymentPostprocessing = 0;
		};
		A3DDC85F22350A1100993E54 /* Sources */ = {
			isa = PBXSourcesBuildPhase;
			buildActionMask = 2147483647;
			files = (
				A3DDC86822350A1100993E54 /* QuizTests.swift in Sources */,
			);
			runOnlyForDeploymentPostprocessing = 0;
		};
		A3DDC86A22350A1100993E54 /* Sources */ = {
			isa = PBXSourcesBuildPhase;
			buildActionMask = 2147483647;
			files = (
				A3DDC87322350A1100993E54 /* QuizUITests.swift in Sources */,
			);
			runOnlyForDeploymentPostprocessing = 0;
		};
/* End PBXSourcesBuildPhase section */

/* Begin PBXTargetDependency section */
		A3DDC86522350A1100993E54 /* PBXTargetDependency */ = {
			isa = PBXTargetDependency;
			target = A3DDC84E22350A0F00993E54 /* Quiz */;
			targetProxy = A3DDC86422350A1100993E54 /* PBXContainerItemProxy */;
		};
		A3DDC87022350A1100993E54 /* PBXTargetDependency */ = {
			isa = PBXTargetDependency;
			target = A3DDC84E22350A0F00993E54 /* Quiz */;
			targetProxy = A3DDC86F22350A1100993E54 /* PBXContainerItemProxy */;
		};
/* End PBXTargetDependency section */

/* Begin PBXVariantGroup section */
		A3DDC85622350A0F00993E54 /* Main.storyboard */ = {
			isa = PBXVariantGroup;
			children = (
				A3DDC85722350A0F00993E54 /* Base */,
			);
			name = Main.storyboard;
			sourceTree = "<group>";
		};
		A3DDC85B22350A1100993E54 /* LaunchScreen.storyboard */ = {
			isa = PBXVariantGroup;
			children = (
				A3DDC85C22350A1100993E54 /* Base */,
			);
			name = LaunchScreen.storyboard;
			sourceTree = "<group>";
		};
/* End PBXVariantGroup section */

/* Begin XCBuildConfiguration section */
		A3DDC87522350A1100993E54 /* Debug */ = {
			isa = XCBuildConfiguration;
			buildSettings = {
				ALWAYS_SEARCH_USER_PATHS = NO;
				CLANG_ANALYZER_NONNULL = YES;
				CLANG_ANALYZER_NUMBER_OBJECT_CONVERSION = YES_AGGRESSIVE;
				CLANG_CXX_LANGUAGE_STANDARD = "gnu++14";
				CLANG_CXX_LIBRARY = "libc++";
				CLANG_ENABLE_MODULES = YES;
				CLANG_ENABLE_OBJC_ARC = YES;
				CLANG_ENABLE_OBJC_WEAK = YES;
				CLANG_WARN_BLOCK_CAPTURE_AUTORELEASING = YES;
				CLANG_WARN_BOOL_CONVERSION = YES;
				CLANG_WARN_COMMA = YES;
				CLANG_WARN_CONSTANT_CONVERSION = YES;
				CLANG_WARN_DEPRECATED_OBJC_IMPLEMENTATIONS = YES;
				CLANG_WARN_DIRECT_OBJC_ISA_USAGE = YES_ERROR;
				CLANG_WARN_DOCUMENTATION_COMMENTS = YES;
				CLANG_WARN_EMPTY_BODY = YES;
				CLANG_WARN_ENUM_CONVERSION = YES;
				CLANG_WARN_INFINITE_RECURSION = YES;
				CLANG_WARN_INT_CONVERSION = YES;
				CLANG_WARN_NON_LITERAL_NULL_CONVERSION = YES;
				CLANG_WARN_OBJC_IMPLICIT_RETAIN_SELF = YES;
				CLANG_WARN_OBJC_LITERAL_CONVERSION = YES;
				CLANG_WARN_OBJC_ROOT_CLASS = YES_ERROR;
				CLANG_WARN_RANGE_LOOP_ANALYSIS = YES;
				CLANG_WARN_STRICT_PROTOTYPES = YES;
				CLANG_WARN_SUSPICIOUS_MOVE = YES;
				CLANG_WARN_UNGUARDED_AVAILABILITY = YES_AGGRESSIVE;
				CLANG_WARN_UNREACHABLE_CODE = YES;
				CLANG_WARN__DUPLICATE_METHOD_MATCH = YES;
				CODE_SIGN_IDENTITY = "iPhone Developer";
				COPY_PHASE_STRIP = NO;
				DEBUG_INFORMATION_FORMAT = dwarf;
				ENABLE_STRICT_OBJC_MSGSEND = YES;
				ENABLE_TESTABILITY = YES;
				GCC_C_LANGUAGE_STANDARD = gnu11;
				GCC_DYNAMIC_NO_PIC = NO;
				GCC_NO_COMMON_BLOCKS = YES;
				GCC_OPTIMIZATION_LEVEL = 0;
				GCC_PREPROCESSOR_DEFINITIONS = (
					"DEBUG=1",
					"$(inherited)",
				);
				GCC_WARN_64_TO_32_BIT_CONVERSION = YES;
				GCC_WARN_ABOUT_RETURN_TYPE = YES_ERROR;
				GCC_WARN_UNDECLARED_SELECTOR = YES;
				GCC_WARN_UNINITIALIZED_AUTOS = YES_AGGRESSIVE;
				GCC_WARN_UNUSED_FUNCTION = YES;
				GCC_WARN_UNUSED_VARIABLE = YES;
				IPHONEOS_DEPLOYMENT_TARGET = 12.1;
				MTL_ENABLE_DEBUG_INFO = INCLUDE_SOURCE;
				MTL_FAST_MATH = YES;
				ONLY_ACTIVE_ARCH = YES;
				SDKROOT = iphoneos;
				SWIFT_ACTIVE_COMPILATION_CONDITIONS = DEBUG;
				SWIFT_OPTIMIZATION_LEVEL = "-Onone";
			};
			name = Debug;
		};
		A3DDC87622350A1100993E54 /* Release */ = {
			isa = XCBuildConfiguration;
			buildSettings = {
				ALWAYS_SEARCH_USER_PATHS = NO;
				CLANG_ANALYZER_NONNULL = YES;
				CLANG_ANALYZER_NUMBER_OBJECT_CONVERSION = YES_AGGRESSIVE;
				CLANG_CXX_LANGUAGE_STANDARD = "gnu++14";
				CLANG_CXX_LIBRARY = "libc++";
				CLANG_ENABLE_MODULES = YES;
				CLANG_ENABLE_OBJC_ARC = YES;
				CLANG_ENABLE_OBJC_WEAK = YES;
				CLANG_WARN_BLOCK_CAPTURE_AUTORELEASING = YES;
				CLANG_WARN_BOOL_CONVERSION = YES;
				CLANG_WARN_COMMA = YES;
				CLANG_WARN_CONSTANT_CONVERSION = YES;
				CLANG_WARN_DEPRECATED_OBJC_IMPLEMENTATIONS = YES;
				CLANG_WARN_DIRECT_OBJC_ISA_USAGE = YES_ERROR;
				CLANG_WARN_DOCUMENTATION_COMMENTS = YES;
				CLANG_WARN_EMPTY_BODY = YES;
				CLANG_WARN_ENUM_CONVERSION = YES;
				CLANG_WARN_INFINITE_RECURSION = YES;
				CLANG_WARN_INT_CONVERSION = YES;
				CLANG_WARN_NON_LITERAL_NULL_CONVERSION = YES;
				CLANG_WARN_OBJC_IMPLICIT_RETAIN_SELF = YES;
				CLANG_WARN_OBJC_LITERAL_CONVERSION = YES;
				CLANG_WARN_OBJC_ROOT_CLASS = YES_ERROR;
				CLANG_WARN_RANGE_LOOP_ANALYSIS = YES;
				CLANG_WARN_STRICT_PROTOTYPES = YES;
				CLANG_WARN_SUSPICIOUS_MOVE = YES;
				CLANG_WARN_UNGUARDED_AVAILABILITY = YES_AGGRESSIVE;
				CLANG_WARN_UNREACHABLE_CODE = YES;
				CLANG_WARN__DUPLICATE_METHOD_MATCH = YES;
				CODE_SIGN_IDENTITY = "iPhone Developer";
				COPY_PHASE_STRIP = NO;
				DEBUG_INFORMATION_FORMAT = "dwarf-with-dsym";
				ENABLE_NS_ASSERTIONS = NO;
				ENABLE_STRICT_OBJC_MSGSEND = YES;
				GCC_C_LANGUAGE_STANDARD = gnu11;
				GCC_NO_COMMON_BLOCKS = YES;
				GCC_WARN_64_TO_32_BIT_CONVERSION = YES;
				GCC_WARN_ABOUT_RETURN_TYPE = YES_ERROR;
				GCC_WARN_UNDECLARED_SELECTOR = YES;
				GCC_WARN_UNINITIALIZED_AUTOS = YES_AGGRESSIVE;
				GCC_WARN_UNUSED_FUNCTION = YES;
				GCC_WARN_UNUSED_VARIABLE = YES;
				IPHONEOS_DEPLOYMENT_TARGET = 12.1;
				MTL_ENABLE_DEBUG_INFO = NO;
				MTL_FAST_MATH = YES;
				SDKROOT = iphoneos;
				SWIFT_COMPILATION_MODE = wholemodule;
				SWIFT_OPTIMIZATION_LEVEL = "-O";
				VALIDATE_PRODUCT = YES;
			};
			name = Release;
		};
		A3DDC87822350A1100993E54 /* Debug */ = {
			isa = XCBuildConfiguration;
			buildSettings = {
				ASSETCATALOG_COMPILER_APPICON_NAME = AppIcon;
				CODE_SIGN_STYLE = Automatic;
				DEVELOPMENT_TEAM = 5YKYAY684J;
				INFOPLIST_FILE = Quiz/Info.plist;
				LD_RUNPATH_SEARCH_PATHS = (
					"$(inherited)",
					"@executable_path/Frameworks",
				);
				PRODUCT_BUNDLE_IDENTIFIER = com.princekr.dev.Quiz;
				PRODUCT_NAME = "$(TARGET_NAME)";
				SWIFT_VERSION = 4.2;
				TARGETED_DEVICE_FAMILY = "1,2";
			};
			name = Debug;
		};
		A3DDC87922350A1100993E54 /* Release */ = {
			isa = XCBuildConfiguration;
			buildSettings = {
				ASSETCATALOG_COMPILER_APPICON_NAME = AppIcon;
				CODE_SIGN_STYLE = Automatic;
				DEVELOPMENT_TEAM = 5YKYAY684J;
				INFOPLIST_FILE = Quiz/Info.plist;
				LD_RUNPATH_SEARCH_PATHS = (
					"$(inherited)",
					"@executable_path/Frameworks",
				);
				PRODUCT_BUNDLE_IDENTIFIER = com.princekr.dev.Quiz;
				PRODUCT_NAME = "$(TARGET_NAME)";
				SWIFT_VERSION = 4.2;
				TARGETED_DEVICE_FAMILY = "1,2";
			};
			name = Release;
		};
		A3DDC87B22350A1100993E54 /* Debug */ = {
			isa = XCBuildConfiguration;
			buildSettings = {
				ALWAYS_EMBED_SWIFT_STANDARD_LIBRARIES = YES;
				BUNDLE_LOADER = "$(TEST_HOST)";
				CODE_SIGN_STYLE = Automatic;
				DEVELOPMENT_TEAM = 5YKYAY684J;
				INFOPLIST_FILE = QuizTests/Info.plist;
				LD_RUNPATH_SEARCH_PATHS = (
					"$(inherited)",
					"@executable_path/Frameworks",
					"@loader_path/Frameworks",
				);
				PRODUCT_BUNDLE_IDENTIFIER = com.princekr.dev.QuizTests;
				PRODUCT_NAME = "$(TARGET_NAME)";
				SWIFT_VERSION = 4.2;
				TARGETED_DEVICE_FAMILY = "1,2";
				TEST_HOST = "$(BUILT_PRODUCTS_DIR)/Quiz.app/Quiz";
			};
			name = Debug;
		};
		A3DDC87C22350A1100993E54 /* Release */ = {
			isa = XCBuildConfiguration;
			buildSettings = {
				ALWAYS_EMBED_SWIFT_STANDARD_LIBRARIES = YES;
				BUNDLE_LOADER = "$(TEST_HOST)";
				CODE_SIGN_STYLE = Automatic;
				DEVELOPMENT_TEAM = 5YKYAY684J;
				INFOPLIST_FILE = QuizTests/Info.plist;
				LD_RUNPATH_SEARCH_PATHS = (
					"$(inherited)",
					"@executable_path/Frameworks",
					"@loader_path/Frameworks",
				);
				PRODUCT_BUNDLE_IDENTIFIER = com.princekr.dev.QuizTests;
				PRODUCT_NAME = "$(TARGET_NAME)";
				SWIFT_VERSION = 4.2;
				TARGETED_DEVICE_FAMILY = "1,2";
				TEST_HOST = "$(BUILT_PRODUCTS_DIR)/Quiz.app/Quiz";
			};
			name = Release;
		};
		A3DDC87E22350A1100993E54 /* Debug */ = {
			isa = XCBuildConfiguration;
			buildSettings = {
				ALWAYS_EMBED_SWIFT_STANDARD_LIBRARIES = YES;
				CODE_SIGN_STYLE = Automatic;
				DEVELOPMENT_TEAM = 5YKYAY684J;
				INFOPLIST_FILE = QuizUITests/Info.plist;
				LD_RUNPATH_SEARCH_PATHS = (
					"$(inherited)",
					"@executable_path/Frameworks",
					"@loader_path/Frameworks",
				);
				PRODUCT_BUNDLE_IDENTIFIER = com.princekr.dev.QuizUITests;
				PRODUCT_NAME = "$(TARGET_NAME)";
				SWIFT_VERSION = 4.2;
				TARGETED_DEVICE_FAMILY = "1,2";
				TEST_TARGET_NAME = Quiz;
			};
			name = Debug;
		};
		A3DDC87F22350A1100993E54 /* Release */ = {
			isa = XCBuildConfiguration;
			buildSettings = {
				ALWAYS_EMBED_SWIFT_STANDARD_LIBRARIES = YES;
				CODE_SIGN_STYLE = Automatic;
				DEVELOPMENT_TEAM = 5YKYAY684J;
				INFOPLIST_FILE = QuizUITests/Info.plist;
				LD_RUNPATH_SEARCH_PATHS = (
					"$(inherited)",
					"@executable_path/Frameworks",
					"@loader_path/Frameworks",
				);
				PRODUCT_BUNDLE_IDENTIFIER = com.princekr.dev.QuizUITests;
				PRODUCT_NAME = "$(TARGET_NAME)";
				SWIFT_VERSION = 4.2;
				TARGETED_DEVICE_FAMILY = "1,2";
				TEST_TARGET_NAME = Quiz;
			};
			name = Release;
		};
/* End XCBuildConfiguration section */

/* Begin XCConfigurationList section */
		A3DDC84A22350A0F00993E54 /* Build configuration list for PBXProject "Quiz" */ = {
			isa = XCConfigurationList;
			buildConfigurations = (
				A3DDC87522350A1100993E54 /* Debug */,
				A3DDC87622350A1100993E54 /* Release */,
			);
			defaultConfigurationIsVisible = 0;
			defaultConfigurationName = Release;
		};
		A3DDC87722350A1100993E54 /* Build configuration list for PBXNativeTarget "Quiz" */ = {
			isa = XCConfigurationList;
			buildConfigurations = (
				A3DDC87822350A1100993E54 /* Debug */,
				A3DDC87922350A1100993E54 /* Release */,
			);
			defaultConfigurationIsVisible = 0;
			defaultConfigurationName = Release;
		};
		A3DDC87A22350A1100993E54 /* Build configuration list for PBXNativeTarget "QuizTests" */ = {
			isa = XCConfigurationList;
			buildConfigurations = (
				A3DDC87B22350A1100993E54 /* Debug */,
				A3DDC87C22350A1100993E54 /* Release */,
			);
			defaultConfigurationIsVisible = 0;
			defaultConfigurationName = Release;
		};
		A3DDC87D22350A1100993E54 /* Build configuration list for PBXNativeTarget "QuizUITests" */ = {
			isa = XCConfigurationList;
			buildConfigurations = (
				A3DDC87E22350A1100993E54 /* Debug */,
				A3DDC87F22350A1100993E54 /* Release */,
			);
			defaultConfigurationIsVisible = 0;
			defaultConfigurationName = Release;
		};
/* End XCConfigurationList section */
	};
	rootObject = A3DDC84722350A0F00993E54 /* Project object */;
}
